
Microsoft Visual Studio Solution File, Format Version 12.00
Project("{FAE04EC0-301F-11D3-BF4B-00C04F79EFBC}") = "ChargingApp", "ChargingApp\ChargingApp.csproj", "{5B627D1B-DA67-4BED-82AA-BE36A2C89D06}"
EndProject
Project("{FAE04EC0-301F-11D3-BF4B-00C04F79EFBC}") = "TestProject1", "TestProject1\TestProject1.csproj", "{1FBA20E3-C66E-4841-B054-711C7C133BC8}"
EndProject
Global
	GlobalSection(SolutionConfigurationPlatforms) = preSolution
		Debug|Any CPU = Debug|Any CPU
		Release|Any CPU = Release|Any CPU
	EndGlobalSection
	GlobalSection(ProjectConfigurationPlatforms) = postSolution
		{5B627D1B-DA67-4BED-82AA-BE36A2C89D06}.Debug|Any CPU.ActiveCfg = Debug|Any CPU
		{5B627D1B-DA67-4BED-82AA-BE36A2C89D06}.Debug|Any CPU.Build.0 = Debug|Any CPU
		{5B627D1B-DA67-4BED-82AA-BE36A2C89D06}.Release|Any CPU.ActiveCfg = Release|Any CPU
		{5B627D1B-DA67-4BED-82AA-BE36A2C89D06}.Release|Any CPU.Build.0 = Release|Any CPU
		{1FBA20E3-C66E-4841-B054-711C7C133BC8}.Debug|Any CPU.ActiveCfg = Debug|Any CPU
		{1FBA20E3-C66E-4841-B054-711C7C133BC8}.Debug|Any CPU.Build.0 = Debug|Any CPU
		{1FBA20E3-C66E-4841-B054-711C7C133BC8}.Release|Any CPU.ActiveCfg = Release|Any CPU
		{1FBA20E3-C66E-4841-B054-711C7C133BC8}.Release|Any CPU.Build.0 = Release|Any CPU
	EndGlobalSection
EndGlobal
